
Microsoft Visual Studio Solution File, Format Version 12.00
# Visual Studio Version 16
VisualStudioVersion = 16.0.30413.136
MinimumVisualStudioVersion = 10.0.40219.1
Project("{FAE04EC0-301F-11D3-BF4B-00C04F79EFBC}") = "Veterinaria", "Veterinaria\Veterinaria.csproj", "{661AA37C-0BD1-487C-A1D5-BB3DEC1872F4}"
EndProject
Project("{FAE04EC0-301F-11D3-BF4B-00C04F79EFBC}") = "Restaurant", "Restaurant\Restaurant.csproj", "{4C4492C6-69AE-4D29-A458-D52308D27FC0}"
EndProject
Project("{FAE04EC0-301F-11D3-BF4B-00C04F79EFBC}") = "Carta", "Carta\Carta.csproj", "{D1BDC0BF-CBA6-42DF-8B44-8DF566C28F02}"
EndProject
Project("{FAE04EC0-301F-11D3-BF4B-00C04F79EFBC}") = "Futbolista", "Futbolista\Futbolista.csproj", "{AB520D81-9371-4E73-B50F-FBF29392874F}"
EndProject
Project("{FAE04EC0-301F-11D3-BF4B-00C04F79EFBC}") = "Almacén", "Almacén\Almacén.csproj", "{15E7C49E-F587-4C63-AD4F-D1DE1C4DB6F3}"
EndProject
Global
	GlobalSection(SolutionConfigurationPlatforms) = preSolution
		Debug|Any CPU = Debug|Any CPU
		Release|Any CPU = Release|Any CPU
	EndGlobalSection
	GlobalSection(ProjectConfigurationPlatforms) = postSolution
		{661AA37C-0BD1-487C-A1D5-BB3DEC1872F4}.Debug|Any CPU.ActiveCfg = Debug|Any CPU
		{661AA37C-0BD1-487C-A1D5-BB3DEC1872F4}.Debug|Any CPU.Build.0 = Debug|Any CPU
		{661AA37C-0BD1-487C-A1D5-BB3DEC1872F4}.Release|Any CPU.ActiveCfg = Release|Any CPU
		{661AA37C-0BD1-487C-A1D5-BB3DEC1872F4}.Release|Any CPU.Build.0 = Release|Any CPU
		{4C4492C6-69AE-4D29-A458-D52308D27FC0}.Debug|Any CPU.ActiveCfg = Debug|Any CPU
		{4C4492C6-69AE-4D29-A458-D52308D27FC0}.Debug|Any CPU.Build.0 = Debug|Any CPU
		{4C4492C6-69AE-4D29-A458-D52308D27FC0}.Release|Any CPU.ActiveCfg = Release|Any CPU
		{4C4492C6-69AE-4D29-A458-D52308D27FC0}.Release|Any CPU.Build.0 = Release|Any CPU
		{D1BDC0BF-CBA6-42DF-8B44-8DF566C28F02}.Debug|Any CPU.ActiveCfg = Debug|Any CPU
		{D1BDC0BF-CBA6-42DF-8B44-8DF566C28F02}.Debug|Any CPU.Build.0 = Debug|Any CPU
		{D1BDC0BF-CBA6-42DF-8B44-8DF566C28F02}.Release|Any CPU.ActiveCfg = Release|Any CPU
		{D1BDC0BF-CBA6-42DF-8B44-8DF566C28F02}.Release|Any CPU.Build.0 = Release|Any CPU
		{AB520D81-9371-4E73-B50F-FBF29392874F}.Debug|Any CPU.ActiveCfg = Debug|Any CPU
		{AB520D81-9371-4E73-B50F-FBF29392874F}.Debug|Any CPU.Build.0 = Debug|Any CPU
		{AB520D81-9371-4E73-B50F-FBF29392874F}.Release|Any CPU.ActiveCfg = Release|Any CPU
		{AB520D81-9371-4E73-B50F-FBF29392874F}.Release|Any CPU.Build.0 = Release|Any CPU
		{15E7C49E-F587-4C63-AD4F-D1DE1C4DB6F3}.Debug|Any CPU.ActiveCfg = Debug|Any CPU
		{15E7C49E-F587-4C63-AD4F-D1DE1C4DB6F3}.Debug|Any CPU.Build.0 = Debug|Any CPU
		{15E7C49E-F587-4C63-AD4F-D1DE1C4DB6F3}.Release|Any CPU.ActiveCfg = Release|Any CPU
		{15E7C49E-F587-4C63-AD4F-D1DE1C4DB6F3}.Release|Any CPU.Build.0 = Release|Any CPU
	EndGlobalSection
	GlobalSection(SolutionProperties) = preSolution
		HideSolutionNode = FALSE
	EndGlobalSection
	GlobalSection(ExtensibilityGlobals) = postSolution
		SolutionGuid = {A1414550-8888-4DFE-ABEA-093FB4626E35}
	EndGlobalSection
EndGlobal
